// !$*UTF8*$!
{
	archiveVersion = 1;
	classes = {
	};
	objectVersion = 56;
	objects = {

/* Begin PBXBuildFile section */
		18E5DA242A335986007DC13B /* piaskowo_serowa_KSIA_Z_KA_KUCHARSKAApp.swift in Sources */ = {isa = PBXBuildFile; fileRef = 18E5DA232A335986007DC13B /* piaskowo_serowa_KSIA_Z_KA_KUCHARSKAApp.swift */; };
		18E5DA262A335986007DC13B /* ContentView.swift in Sources */ = {isa = PBXBuildFile; fileRef = 18E5DA252A335986007DC13B /* ContentView.swift */; };
		18E5DA282A335988007DC13B /* Assets.xcassets in Resources */ = {isa = PBXBuildFile; fileRef = 18E5DA272A335988007DC13B /* Assets.xcassets */; };
		18E5DA2B2A335988007DC13B /* Preview Assets.xcassets in Resources */ = {isa = PBXBuildFile; fileRef = 18E5DA2A2A335988007DC13B /* Preview Assets.xcassets */; };
		18E5DA2D2A335988007DC13B /* Persistence.swift in Sources */ = {isa = PBXBuildFile; fileRef = 18E5DA2C2A335988007DC13B /* Persistence.swift */; };
		18E5DA302A335988007DC13B /* piaskowo_serowa_KSIA_Z_KA_KUCHARSKA.xcdatamodeld in Sources */ = {isa = PBXBuildFile; fileRef = 18E5DA2E2A335988007DC13B /* piaskowo_serowa_KSIA_Z_KA_KUCHARSKA.xcdatamodeld */; };
		18E5DA3A2A335D5F007DC13B /* Dish+CoreDataClass.swift in Sources */ = {isa = PBXBuildFile; fileRef = 18E5DA362A335D5E007DC13B /* Dish+CoreDataClass.swift */; };
		18E5DA3B2A335D5F007DC13B /* Dish+CoreDataProperties.swift in Sources */ = {isa = PBXBuildFile; fileRef = 18E5DA372A335D5E007DC13B /* Dish+CoreDataProperties.swift */; };
		18E5DA3C2A335D5F007DC13B /* Category+CoreDataClass.swift in Sources */ = {isa = PBXBuildFile; fileRef = 18E5DA382A335D5E007DC13B /* Category+CoreDataClass.swift */; };
		18E5DA3D2A335D5F007DC13B /* Category+CoreDataProperties.swift in Sources */ = {isa = PBXBuildFile; fileRef = 18E5DA392A335D5E007DC13B /* Category+CoreDataProperties.swift */; };
		18E5DA402A335DF9007DC13B /* CategoryListView.swift in Sources */ = {isa = PBXBuildFile; fileRef = 18E5DA3F2A335DF9007DC13B /* CategoryListView.swift */; };
		18E5DA422A335E1B007DC13B /* DetailDishView.swift in Sources */ = {isa = PBXBuildFile; fileRef = 18E5DA412A335E1B007DC13B /* DetailDishView.swift */; };
		18E5DA442A335E66007DC13B /* AddDishView.swift in Sources */ = {isa = PBXBuildFile; fileRef = 18E5DA432A335E66007DC13B /* AddDishView.swift */; };
		18E5DA462A335F07007DC13B /* MeatDishesDefault.swift in Sources */ = {isa = PBXBuildFile; fileRef = 18E5DA452A335F07007DC13B /* MeatDishesDefault.swift */; };
		18E5DA482A335F21007DC13B /* PastaDishesDefault.swift in Sources */ = {isa = PBXBuildFile; fileRef = 18E5DA472A335F21007DC13B /* PastaDishesDefault.swift */; };
		18E5DA4A2A335F48007DC13B /* SoupDishesDefault.swift in Sources */ = {isa = PBXBuildFile; fileRef = 18E5DA492A335F48007DC13B /* SoupDishesDefault.swift */; };
/* End PBXBuildFile section */

/* Begin PBXFileReference section */
		18E5DA202A335986007DC13B /* piaskowo_serowa_KSIĄŻKA_KUCHARSKA.app */ = {isa = PBXFileReference; explicitFileType = wrapper.application; includeInIndex = 0; path = "piaskowo_serowa_KSIĄŻKA_KUCHARSKA.app"; sourceTree = BUILT_PRODUCTS_DIR; };
		18E5DA232A335986007DC13B /* piaskowo_serowa_KSIA_Z_KA_KUCHARSKAApp.swift */ = {isa = PBXFileReference; lastKnownFileType = sourcecode.swift; path = piaskowo_serowa_KSIA_Z_KA_KUCHARSKAApp.swift; sourceTree = "<group>"; };
		18E5DA252A335986007DC13B /* ContentView.swift */ = {isa = PBXFileReference; lastKnownFileType = sourcecode.swift; path = ContentView.swift; sourceTree = "<group>"; };
		18E5DA272A335988007DC13B /* Assets.xcassets */ = {isa = PBXFileReference; lastKnownFileType = folder.assetcatalog; path = Assets.xcassets; sourceTree = "<group>"; };
		18E5DA2A2A335988007DC13B /* Preview Assets.xcassets */ = {isa = PBXFileReference; lastKnownFileType = folder.assetcatalog; path = "Preview Assets.xcassets"; sourceTree = "<group>"; };
		18E5DA2C2A335988007DC13B /* Persistence.swift */ = {isa = PBXFileReference; lastKnownFileType = sourcecode.swift; path = Persistence.swift; sourceTree = "<group>"; };
		18E5DA2F2A335988007DC13B /* piaskowo_serowa_KSIA_Z_KA_KUCHARSKA.xcdatamodel */ = {isa = PBXFileReference; lastKnownFileType = wrapper.xcdatamodel; path = piaskowo_serowa_KSIA_Z_KA_KUCHARSKA.xcdatamodel; sourceTree = "<group>"; };
		18E5DA362A335D5E007DC13B /* Dish+CoreDataClass.swift */ = {isa = PBXFileReference; lastKnownFileType = sourcecode.swift; path = "Dish+CoreDataClass.swift"; sourceTree = "<group>"; };
		18E5DA372A335D5E007DC13B /* Dish+CoreDataProperties.swift */ = {isa = PBXFileReference; lastKnownFileType = sourcecode.swift; path = "Dish+CoreDataProperties.swift"; sourceTree = "<group>"; };
		18E5DA382A335D5E007DC13B /* Category+CoreDataClass.swift */ = {isa = PBXFileReference; lastKnownFileType = sourcecode.swift; path = "Category+CoreDataClass.swift"; sourceTree = "<group>"; };
		18E5DA392A335D5E007DC13B /* Category+CoreDataProperties.swift */ = {isa = PBXFileReference; lastKnownFileType = sourcecode.swift; path = "Category+CoreDataProperties.swift"; sourceTree = "<group>"; };
		18E5DA3F2A335DF9007DC13B /* CategoryListView.swift */ = {isa = PBXFileReference; lastKnownFileType = sourcecode.swift; path = CategoryListView.swift; sourceTree = "<group>"; };
		18E5DA412A335E1B007DC13B /* DetailDishView.swift */ = {isa = PBXFileReference; lastKnownFileType = sourcecode.swift; path = DetailDishView.swift; sourceTree = "<group>"; };
		18E5DA432A335E66007DC13B /* AddDishView.swift */ = {isa = PBXFileReference; lastKnownFileType = sourcecode.swift; path = AddDishView.swift; sourceTree = "<group>"; };
		18E5DA452A335F07007DC13B /* MeatDishesDefault.swift */ = {isa = PBXFileReference; lastKnownFileType = sourcecode.swift; path = MeatDishesDefault.swift; sourceTree = "<group>"; };
		18E5DA472A335F21007DC13B /* PastaDishesDefault.swift */ = {isa = PBXFileReference; lastKnownFileType = sourcecode.swift; path = PastaDishesDefault.swift; sourceTree = "<group>"; };
		18E5DA492A335F48007DC13B /* SoupDishesDefault.swift */ = {isa = PBXFileReference; lastKnownFileType = sourcecode.swift; path = SoupDishesDefault.swift; sourceTree = "<group>"; };
/* End PBXFileReference section */

/* Begin PBXFrameworksBuildPhase section */
		18E5DA1D2A335986007DC13B /* Frameworks */ = {
			isa = PBXFrameworksBuildPhase;
			buildActionMask = 2147483647;
			files = (
			);
			runOnlyForDeploymentPostprocessing = 0;
		};
/* End PBXFrameworksBuildPhase section */

/* Begin PBXGroup section */
		18E5DA172A335986007DC13B = {
			isa = PBXGroup;
			children = (
				18E5DA3E2A335D8B007DC13B /* CoreDataEntities */,
				18E5DA222A335986007DC13B /* piaskowo_serowa_KSIĄŻKA_KUCHARSKA */,
				18E5DA212A335986007DC13B /* Products */,
			);
			sourceTree = "<group>";
		};
		18E5DA212A335986007DC13B /* Products */ = {
			isa = PBXGroup;
			children = (
				18E5DA202A335986007DC13B /* piaskowo_serowa_KSIĄŻKA_KUCHARSKA.app */,
			);
			name = Products;
			sourceTree = "<group>";
		};
		18E5DA222A335986007DC13B /* piaskowo_serowa_KSIĄŻKA_KUCHARSKA */ = {
			isa = PBXGroup;
			children = (
				18E5DA4B2A335F58007DC13B /* DefaultDishes */,
				18E5DA232A335986007DC13B /* piaskowo_serowa_KSIA_Z_KA_KUCHARSKAApp.swift */,
				18E5DA252A335986007DC13B /* ContentView.swift */,
				18E5DA3F2A335DF9007DC13B /* CategoryListView.swift */,
				18E5DA412A335E1B007DC13B /* DetailDishView.swift */,
				18E5DA432A335E66007DC13B /* AddDishView.swift */,
				18E5DA272A335988007DC13B /* Assets.xcassets */,
				18E5DA2C2A335988007DC13B /* Persistence.swift */,
				18E5DA2E2A335988007DC13B /* piaskowo_serowa_KSIA_Z_KA_KUCHARSKA.xcdatamodeld */,
				18E5DA292A335988007DC13B /* Preview Content */,
			);
			path = "piaskowo_serowa_KSIĄŻKA_KUCHARSKA";
			sourceTree = "<group>";
		};
		18E5DA292A335988007DC13B /* Preview Content */ = {
			isa = PBXGroup;
			children = (
				18E5DA2A2A335988007DC13B /* Preview Assets.xcassets */,
			);
			path = "Preview Content";
			sourceTree = "<group>";
		};
		18E5DA3E2A335D8B007DC13B /* CoreDataEntities */ = {
			isa = PBXGroup;
			children = (
				18E5DA362A335D5E007DC13B /* Dish+CoreDataClass.swift */,
				18E5DA372A335D5E007DC13B /* Dish+CoreDataProperties.swift */,
				18E5DA382A335D5E007DC13B /* Category+CoreDataClass.swift */,
				18E5DA392A335D5E007DC13B /* Category+CoreDataProperties.swift */,
			);
			path = CoreDataEntities;
			sourceTree = "<group>";
		};
		18E5DA4B2A335F58007DC13B /* DefaultDishes */ = {
			isa = PBXGroup;
			children = (
				18E5DA492A335F48007DC13B /* SoupDishesDefault.swift */,
				18E5DA472A335F21007DC13B /* PastaDishesDefault.swift */,
				18E5DA452A335F07007DC13B /* MeatDishesDefault.swift */,
			);
			path = DefaultDishes;
			sourceTree = "<group>";
		};
/* End PBXGroup section */

/* Begin PBXNativeTarget section */
		18E5DA1F2A335986007DC13B /* piaskowo_serowa_KSIĄŻKA_KUCHARSKA */ = {
			isa = PBXNativeTarget;
			buildConfigurationList = 18E5DA332A335988007DC13B /* Build configuration list for PBXNativeTarget "piaskowo_serowa_KSIĄŻKA_KUCHARSKA" */;
			buildPhases = (
				18E5DA1C2A335986007DC13B /* Sources */,
				18E5DA1D2A335986007DC13B /* Frameworks */,
				18E5DA1E2A335986007DC13B /* Resources */,
			);
			buildRules = (
			);
			dependencies = (
			);
			name = "piaskowo_serowa_KSIĄŻKA_KUCHARSKA";
			productName = "piaskowo_serowa_KSIĄŻKA_KUCHARSKA";
			productReference = 18E5DA202A335986007DC13B /* piaskowo_serowa_KSIĄŻKA_KUCHARSKA.app */;
			productType = "com.apple.product-type.application";
		};
/* End PBXNativeTarget section */

/* Begin PBXProject section */
		18E5DA182A335986007DC13B /* Project object */ = {
			isa = PBXProject;
			attributes = {
				BuildIndependentTargetsInParallel = 1;
				LastSwiftUpdateCheck = 1420;
				LastUpgradeCheck = 1420;
				TargetAttributes = {
					18E5DA1F2A335986007DC13B = {
						CreatedOnToolsVersion = 14.2;
					};
				};
			};
			buildConfigurationList = 18E5DA1B2A335986007DC13B /* Build configuration list for PBXProject "piaskowo_serowa_KSIĄŻKA_KUCHARSKA" */;
			compatibilityVersion = "Xcode 14.0";
			developmentRegion = en;
			hasScannedForEncodings = 0;
			knownRegions = (
				en,
				Base,
			);
			mainGroup = 18E5DA172A335986007DC13B;
			productRefGroup = 18E5DA212A335986007DC13B /* Products */;
			projectDirPath = "";
			projectRoot = "";
			targets = (
				18E5DA1F2A335986007DC13B /* piaskowo_serowa_KSIĄŻKA_KUCHARSKA */,
			);
		};
/* End PBXProject section */

/* Begin PBXResourcesBuildPhase section */
		18E5DA1E2A335986007DC13B /* Resources */ = {
			isa = PBXResourcesBuildPhase;
			buildActionMask = 2147483647;
			files = (
				18E5DA2B2A335988007DC13B /* Preview Assets.xcassets in Resources */,
				18E5DA282A335988007DC13B /* Assets.xcassets in Resources */,
			);
			runOnlyForDeploymentPostprocessing = 0;
		};
/* End PBXResourcesBuildPhase section */

/* Begin PBXSourcesBuildPhase section */
		18E5DA1C2A335986007DC13B /* Sources */ = {
			isa = PBXSourcesBuildPhase;
			buildActionMask = 2147483647;
			files = (
				18E5DA302A335988007DC13B /* piaskowo_serowa_KSIA_Z_KA_KUCHARSKA.xcdatamodeld in Sources */,
				18E5DA2D2A335988007DC13B /* Persistence.swift in Sources */,
				18E5DA3C2A335D5F007DC13B /* Category+CoreDataClass.swift in Sources */,
				18E5DA482A335F21007DC13B /* PastaDishesDefault.swift in Sources */,
				18E5DA402A335DF9007DC13B /* CategoryListView.swift in Sources */,
				18E5DA262A335986007DC13B /* ContentView.swift in Sources */,
				18E5DA422A335E1B007DC13B /* DetailDishView.swift in Sources */,
				18E5DA3A2A335D5F007DC13B /* Dish+CoreDataClass.swift in Sources */,
				18E5DA242A335986007DC13B /* piaskowo_serowa_KSIA_Z_KA_KUCHARSKAApp.swift in Sources */,
				18E5DA3B2A335D5F007DC13B /* Dish+CoreDataProperties.swift in Sources */,
				18E5DA4A2A335F48007DC13B /* SoupDishesDefault.swift in Sources */,
				18E5DA442A335E66007DC13B /* AddDishView.swift in Sources */,
				18E5DA462A335F07007DC13B /* MeatDishesDefault.swift in Sources */,
				18E5DA3D2A335D5F007DC13B /* Category+CoreDataProperties.swift in Sources */,
			);
			runOnlyForDeploymentPostprocessing = 0;
		};
/* End PBXSourcesBuildPhase section */

/* Begin XCBuildConfiguration section */
		18E5DA312A335988007DC13B /* Debug */ = {
			isa = XCBuildConfiguration;
			buildSettings = {
				ALWAYS_SEARCH_USER_PATHS = NO;
				CLANG_ANALYZER_NONNULL = YES;
				CLANG_ANALYZER_NUMBER_OBJECT_CONVERSION = YES_AGGRESSIVE;
				CLANG_CXX_LANGUAGE_STANDARD = "gnu++20";
				CLANG_ENABLE_MODULES = YES;
				CLANG_ENABLE_OBJC_ARC = YES;
				CLANG_ENABLE_OBJC_WEAK = YES;
				CLANG_WARN_BLOCK_CAPTURE_AUTORELEASING = YES;
				CLANG_WARN_BOOL_CONVERSION = YES;
				CLANG_WARN_COMMA = YES;
				CLANG_WARN_CONSTANT_CONVERSION = YES;
				CLANG_WARN_DEPRECATED_OBJC_IMPLEMENTATIONS = YES;
				CLANG_WARN_DIRECT_OBJC_ISA_USAGE = YES_ERROR;
				CLANG_WARN_DOCUMENTATION_COMMENTS = YES;
				CLANG_WARN_EMPTY_BODY = YES;
				CLANG_WARN_ENUM_CONVERSION = YES;
				CLANG_WARN_INFINITE_RECURSION = YES;
				CLANG_WARN_INT_CONVERSION = YES;
				CLANG_WARN_NON_LITERAL_NULL_CONVERSION = YES;
				CLANG_WARN_OBJC_IMPLICIT_RETAIN_SELF = YES;
				CLANG_WARN_OBJC_LITERAL_CONVERSION = YES;
				CLANG_WARN_OBJC_ROOT_CLASS = YES_ERROR;
				CLANG_WARN_QUOTED_INCLUDE_IN_FRAMEWORK_HEADER = YES;
				CLANG_WARN_RANGE_LOOP_ANALYSIS = YES;
				CLANG_WARN_STRICT_PROTOTYPES = YES;
				CLANG_WARN_SUSPICIOUS_MOVE = YES;
				CLANG_WARN_UNGUARDED_AVAILABILITY = YES_AGGRESSIVE;
				CLANG_WARN_UNREACHABLE_CODE = YES;
				CLANG_WARN__DUPLICATE_METHOD_MATCH = YES;
				COPY_PHASE_STRIP = NO;
				DEBUG_INFORMATION_FORMAT = dwarf;
				ENABLE_STRICT_OBJC_MSGSEND = YES;
				ENABLE_TESTABILITY = YES;
				GCC_C_LANGUAGE_STANDARD = gnu11;
				GCC_DYNAMIC_NO_PIC = NO;
				GCC_NO_COMMON_BLOCKS = YES;
				GCC_OPTIMIZATION_LEVEL = 0;
				GCC_PREPROCESSOR_DEFINITIONS = (
					"DEBUG=1",
					"$(inherited)",
				);
				GCC_WARN_64_TO_32_BIT_CONVERSION = YES;
				GCC_WARN_ABOUT_RETURN_TYPE = YES_ERROR;
				GCC_WARN_UNDECLARED_SELECTOR = YES;
				GCC_WARN_UNINITIALIZED_AUTOS = YES_AGGRESSIVE;
				GCC_WARN_UNUSED_FUNCTION = YES;
				GCC_WARN_UNUSED_VARIABLE = YES;
				IPHONEOS_DEPLOYMENT_TARGET = 16.2;
				MTL_ENABLE_DEBUG_INFO = INCLUDE_SOURCE;
				MTL_FAST_MATH = YES;
				ONLY_ACTIVE_ARCH = YES;
				SDKROOT = iphoneos;
				SWIFT_ACTIVE_COMPILATION_CONDITIONS = DEBUG;
				SWIFT_OPTIMIZATION_LEVEL = "-Onone";
			};
			name = Debug;
		};
		18E5DA322A335988007DC13B /* Release */ = {
			isa = XCBuildConfiguration;
			buildSettings = {
				ALWAYS_SEARCH_USER_PATHS = NO;
				CLANG_ANALYZER_NONNULL = YES;
				CLANG_ANALYZER_NUMBER_OBJECT_CONVERSION = YES_AGGRESSIVE;
				CLANG_CXX_LANGUAGE_STANDARD = "gnu++20";
				CLANG_ENABLE_MODULES = YES;
				CLANG_ENABLE_OBJC_ARC = YES;
				CLANG_ENABLE_OBJC_WEAK = YES;
				CLANG_WARN_BLOCK_CAPTURE_AUTORELEASING = YES;
				CLANG_WARN_BOOL_CONVERSION = YES;
				CLANG_WARN_COMMA = YES;
				CLANG_WARN_CONSTANT_CONVERSION = YES;
				CLANG_WARN_DEPRECATED_OBJC_IMPLEMENTATIONS = YES;
				CLANG_WARN_DIRECT_OBJC_ISA_USAGE = YES_ERROR;
				CLANG_WARN_DOCUMENTATION_COMMENTS = YES;
				CLANG_WARN_EMPTY_BODY = YES;
				CLANG_WARN_ENUM_CONVERSION = YES;
				CLANG_WARN_INFINITE_RECURSION = YES;
				CLANG_WARN_INT_CONVERSION = YES;
				CLANG_WARN_NON_LITERAL_NULL_CONVERSION = YES;
				CLANG_WARN_OBJC_IMPLICIT_RETAIN_SELF = YES;
				CLANG_WARN_OBJC_LITERAL_CONVERSION = YES;
				CLANG_WARN_OBJC_ROOT_CLASS = YES_ERROR;
				CLANG_WARN_QUOTED_INCLUDE_IN_FRAMEWORK_HEADER = YES;
				CLANG_WARN_RANGE_LOOP_ANALYSIS = YES;
				CLANG_WARN_STRICT_PROTOTYPES = YES;
				CLANG_WARN_SUSPICIOUS_MOVE = YES;
				CLANG_WARN_UNGUARDED_AVAILABILITY = YES_AGGRESSIVE;
				CLANG_WARN_UNREACHABLE_CODE = YES;
				CLANG_WARN__DUPLICATE_METHOD_MATCH = YES;
				COPY_PHASE_STRIP = NO;
				DEBUG_INFORMATION_FORMAT = "dwarf-with-dsym";
				ENABLE_NS_ASSERTIONS = NO;
				ENABLE_STRICT_OBJC_MSGSEND = YES;
				GCC_C_LANGUAGE_STANDARD = gnu11;
				GCC_NO_COMMON_BLOCKS = YES;
				GCC_WARN_64_TO_32_BIT_CONVERSION = YES;
				GCC_WARN_ABOUT_RETURN_TYPE = YES_ERROR;
				GCC_WARN_UNDECLARED_SELECTOR = YES;
				GCC_WARN_UNINITIALIZED_AUTOS = YES_AGGRESSIVE;
				GCC_WARN_UNUSED_FUNCTION = YES;
				GCC_WARN_UNUSED_VARIABLE = YES;
				IPHONEOS_DEPLOYMENT_TARGET = 16.2;
				MTL_ENABLE_DEBUG_INFO = NO;
				MTL_FAST_MATH = YES;
				SDKROOT = iphoneos;
				SWIFT_COMPILATION_MODE = wholemodule;
				SWIFT_OPTIMIZATION_LEVEL = "-O";
				VALIDATE_PRODUCT = YES;
			};
			name = Release;
		};
		18E5DA342A335988007DC13B /* Debug */ = {
			isa = XCBuildConfiguration;
			buildSettings = {
				ASSETCATALOG_COMPILER_APPICON_NAME = AppIcon;
				ASSETCATALOG_COMPILER_GLOBAL_ACCENT_COLOR_NAME = AccentColor;
				CODE_SIGN_STYLE = Automatic;
				CURRENT_PROJECT_VERSION = 1;
				DEVELOPMENT_ASSET_PATHS = "\"piaskowo_serowa_KSIĄŻKA_KUCHARSKA/Preview Content\"";
				ENABLE_PREVIEWS = YES;
				GENERATE_INFOPLIST_FILE = YES;
				INFOPLIST_KEY_UIApplicationSceneManifest_Generation = YES;
				INFOPLIST_KEY_UIApplicationSupportsIndirectInputEvents = YES;
				INFOPLIST_KEY_UILaunchScreen_Generation = YES;
				INFOPLIST_KEY_UISupportedInterfaceOrientations_iPad = "UIInterfaceOrientationPortrait UIInterfaceOrientationPortraitUpsideDown UIInterfaceOrientationLandscapeLeft UIInterfaceOrientationLandscapeRight";
				INFOPLIST_KEY_UISupportedInterfaceOrientations_iPhone = "UIInterfaceOrientationPortrait UIInterfaceOrientationLandscapeLeft UIInterfaceOrientationLandscapeRight";
				LD_RUNPATH_SEARCH_PATHS = (
					"$(inherited)",
					"@executable_path/Frameworks",
				);
				MARKETING_VERSION = 1.0;
				PRODUCT_BUNDLE_IDENTIFIER = "-.piaskowo-serowa-KSIA-Z-KA-KUCHARSKA";
				PRODUCT_NAME = "$(TARGET_NAME)";
				SWIFT_EMIT_LOC_STRINGS = YES;
				SWIFT_VERSION = 5.0;
				TARGETED_DEVICE_FAMILY = "1,2";
			};
			name = Debug;
		};
		18E5DA352A335988007DC13B /* Release */ = {
			isa = XCBuildConfiguration;
			buildSettings = {
				ASSETCATALOG_COMPILER_APPICON_NAME = AppIcon;
				ASSETCATALOG_COMPILER_GLOBAL_ACCENT_COLOR_NAME = AccentColor;
				CODE_SIGN_STYLE = Automatic;
				CURRENT_PROJECT_VERSION = 1;
				DEVELOPMENT_ASSET_PATHS = "\"piaskowo_serowa_KSIĄŻKA_KUCHARSKA/Preview Content\"";
				ENABLE_PREVIEWS = YES;
				GENERATE_INFOPLIST_FILE = YES;
				INFOPLIST_KEY_UIApplicationSceneManifest_Generation = YES;
				INFOPLIST_KEY_UIApplicationSupportsIndirectInputEvents = YES;
				INFOPLIST_KEY_UILaunchScreen_Generation = YES;
				INFOPLIST_KEY_UISupportedInterfaceOrientations_iPad = "UIInterfaceOrientationPortrait UIInterfaceOrientationPortraitUpsideDown UIInterfaceOrientationLandscapeLeft UIInterfaceOrientationLandscapeRight";
				INFOPLIST_KEY_UISupportedInterfaceOrientations_iPhone = "UIInterfaceOrientationPortrait UIInterfaceOrientationLandscapeLeft UIInterfaceOrientationLandscapeRight";
				LD_RUNPATH_SEARCH_PATHS = (
					"$(inherited)",
					"@executable_path/Frameworks",
				);
				MARKETING_VERSION = 1.0;
				PRODUCT_BUNDLE_IDENTIFIER = "-.piaskowo-serowa-KSIA-Z-KA-KUCHARSKA";
				PRODUCT_NAME = "$(TARGET_NAME)";
				SWIFT_EMIT_LOC_STRINGS = YES;
				SWIFT_VERSION = 5.0;
				TARGETED_DEVICE_FAMILY = "1,2";
			};
			name = Release;
		};
/* End XCBuildConfiguration section */

/* Begin XCConfigurationList section */
		18E5DA1B2A335986007DC13B /* Build configuration list for PBXProject "piaskowo_serowa_KSIĄŻKA_KUCHARSKA" */ = {
			isa = XCConfigurationList;
			buildConfigurations = (
				18E5DA312A335988007DC13B /* Debug */,
				18E5DA322A335988007DC13B /* Release */,
			);
			defaultConfigurationIsVisible = 0;
			defaultConfigurationName = Release;
		};
		18E5DA332A335988007DC13B /* Build configuration list for PBXNativeTarget "piaskowo_serowa_KSIĄŻKA_KUCHARSKA" */ = {
			isa = XCConfigurationList;
			buildConfigurations = (
				18E5DA342A335988007DC13B /* Debug */,
				18E5DA352A335988007DC13B /* Release */,
			);
			defaultConfigurationIsVisible = 0;
			defaultConfigurationName = Release;
		};
/* End XCConfigurationList section */

/* Begin XCVersionGroup section */
		18E5DA2E2A335988007DC13B /* piaskowo_serowa_KSIA_Z_KA_KUCHARSKA.xcdatamodeld */ = {
			isa = XCVersionGroup;
			children = (
				18E5DA2F2A335988007DC13B /* piaskowo_serowa_KSIA_Z_KA_KUCHARSKA.xcdatamodel */,
			);
			currentVersion = 18E5DA2F2A335988007DC13B /* piaskowo_serowa_KSIA_Z_KA_KUCHARSKA.xcdatamodel */;
			path = piaskowo_serowa_KSIA_Z_KA_KUCHARSKA.xcdatamodeld;
			sourceTree = "<group>";
			versionGroupType = wrapper.xcdatamodel;
		};
/* End XCVersionGroup section */
	};
	rootObject = 18E5DA182A335986007DC13B /* Project object */;
}
